{
  "name": "@graphite/decorators",
  "version": "0.3.0",
  "lockfileVersion": 1,
  "requires": true,
  "dependencies": {
    "lodash": {
      "version": "4.17.2",
      "resolved": "http://registry.npmjs.org/lodash/-/lodash-4.17.2.tgz",
      "integrity": "sha1-NKMFW6vgTOQkZ7YH1wAHLH/2v0I="
    },
    "pluralize": {
      "version": "3.0.0",
      "resolved": "https://registry.npmjs.org/pluralize/-/pluralize-3.0.0.tgz",
      "integrity": "sha1-cnmanvQaU/8MA95lIuKGtA1cky0="
    }
  }
}
